Microsoft Visual Studio Solution File, Format Version 12.00
# Visual Studio 2012
Project("{FAE04EC0-301F-11D3-BF4B-00C04F79EFBC}") = "Tribal Survival", "Tribal Survival.csproj", "{C31F6795-2D80-43D9-BF58-1B8B7C7F2086}"
EndProject
Global
	GlobalSection(SolutionConfigurationPlatforms) = preSolution
	Debug|Any CPU = Debug|Any CPU
	ExportDebug|Any CPU = ExportDebug|Any CPU
	ExportRelease|Any CPU = ExportRelease|Any CPU
	EndGlobalSection
	GlobalSection(ProjectConfigurationPlatforms) = postSolution
		{C31F6795-2D80-43D9-BF58-1B8B7C7F2086}.Debug|Any CPU.ActiveCfg = Debug|Any CPU
		{C31F6795-2D80-43D9-BF58-1B8B7C7F2086}.Debug|Any CPU.Build.0 = Debug|Any CPU
		{C31F6795-2D80-43D9-BF58-1B8B7C7F2086}.ExportDebug|Any CPU.ActiveCfg = ExportDebug|Any CPU
		{C31F6795-2D80-43D9-BF58-1B8B7C7F2086}.ExportDebug|Any CPU.Build.0 = ExportDebug|Any CPU
		{C31F6795-2D80-43D9-BF58-1B8B7C7F2086}.ExportRelease|Any CPU.ActiveCfg = ExportRelease|Any CPU
		{C31F6795-2D80-43D9-BF58-1B8B7C7F2086}.ExportRelease|Any CPU.Build.0 = ExportRelease|Any CPU
	EndGlobalSection
EndGlobal
